
Microsoft Visual Studio Solution File, Format Version 12.00
# Visual Studio Version 17
VisualStudioVersion = 17.4.33213.308
MinimumVisualStudioVersion = 10.0.40219.1
Project("{FAE04EC0-301F-11D3-BF4B-00C04F79EFBC}") = "JobBoard", "JobBoard.csproj", "{10851137-5301-456E-A496-126AF2A42C47}"
EndProject
Global
	GlobalSection(SolutionConfigurationPlatforms) = preSolution
		Debug|Any CPU = Debug|Any CPU
		Release|Any CPU = Release|Any CPU
	EndGlobalSection
	GlobalSection(ProjectConfigurationPlatforms) = postSolution
		{10851137-5301-456E-A496-126AF2A42C47}.Debug|Any CPU.ActiveCfg = Debug|Any CPU
		{10851137-5301-456E-A496-126AF2A42C47}.Debug|Any CPU.Build.0 = Debug|Any CPU
		{10851137-5301-456E-A496-126AF2A42C47}.Release|Any CPU.ActiveCfg = Release|Any CPU
		{10851137-5301-456E-A496-126AF2A42C47}.Release|Any CPU.Build.0 = Release|Any CPU
	EndGlobalSection
	GlobalSection(SolutionProperties) = preSolution
		HideSolutionNode = FALSE
	EndGlobalSection
	GlobalSection(ExtensibilityGlobals) = postSolution
		SolutionGuid = {DDF8FAA7-5B4D-420F-996C-64438DDBF895}
	EndGlobalSection
EndGlobal
